
Microsoft Visual Studio Solution File, Format Version 12.00
# Visual Studio Version 17
VisualStudioVersion = 17.5.002.0
MinimumVisualStudioVersion = 10.0.40219.1
Project("{2150E333-8FDC-42A3-9474-1A3956D46DE8}") = "backend", "backend", "{E7F0E4E3-24CE-4B30-B4EF-F9F5B5D8270C}"
EndProject
Project("{9A19103F-16F7-4668-BE54-9A1E7A4F7556}") = "Livros.API", "Livros.API\Livros.API.csproj", "{5C7C8A25-7A43-4876-B84A-509AD50D8E34}"
EndProject
Project("{9A19103F-16F7-4668-BE54-9A1E7A4F7556}") = "Livros.Data", "Livros.Data\Livros.Data.csproj", "{21F0FDFB-89FF-46CB-9D7A-263AC6B3777A}"
EndProject
Global
	GlobalSection(SolutionConfigurationPlatforms) = preSolution
		Debug|Any CPU = Debug|Any CPU
		Release|Any CPU = Release|Any CPU
	EndGlobalSection
	GlobalSection(ProjectConfigurationPlatforms) = postSolution
		{5C7C8A25-7A43-4876-B84A-509AD50D8E34}.Debug|Any CPU.ActiveCfg = Debug|Any CPU
		{5C7C8A25-7A43-4876-B84A-509AD50D8E34}.Debug|Any CPU.Build.0 = Debug|Any CPU
		{5C7C8A25-7A43-4876-B84A-509AD50D8E34}.Release|Any CPU.ActiveCfg = Release|Any CPU
		{5C7C8A25-7A43-4876-B84A-509AD50D8E34}.Release|Any CPU.Build.0 = Release|Any CPU
		{21F0FDFB-89FF-46CB-9D7A-263AC6B3777A}.Debug|Any CPU.ActiveCfg = Debug|Any CPU
		{21F0FDFB-89FF-46CB-9D7A-263AC6B3777A}.Debug|Any CPU.Build.0 = Debug|Any CPU
		{21F0FDFB-89FF-46CB-9D7A-263AC6B3777A}.Release|Any CPU.ActiveCfg = Release|Any CPU
		{21F0FDFB-89FF-46CB-9D7A-263AC6B3777A}.Release|Any CPU.Build.0 = Release|Any CPU
	EndGlobalSection
	GlobalSection(SolutionProperties) = preSolution
		HideSolutionNode = FALSE
	EndGlobalSection
	GlobalSection(NestedProjects) = preSolution
		{5C7C8A25-7A43-4876-B84A-509AD50D8E34} = {E7F0E4E3-24CE-4B30-B4EF-F9F5B5D8270C}
		{21F0FDFB-89FF-46CB-9D7A-263AC6B3777A} = {E7F0E4E3-24CE-4B30-B4EF-F9F5B5D8270C}
	EndGlobalSection
	GlobalSection(ExtensibilityGlobals) = postSolution
		SolutionGuid = {639AF826-2F6C-414F-A4C8-6AEB538C8F06}
	EndGlobalSection
EndGlobal
